// !$*UTF8*$!
{
	archiveVersion = 1;
	classes = {
	};
	objectVersion = 46;
	objects = {

/* Begin PBXBuildFile section */
		1416A5581C12A8D100CD7985 /* GameTableViewCell.xib in Resources */ = {isa = PBXBuildFile; fileRef = 1416A5571C12A8D100CD7985 /* GameTableViewCell.xib */; };
		1416A55A1C12AAEA00CD7985 /* GameTableViewCell.swift in Sources */ = {isa = PBXBuildFile; fileRef = 1416A5591C12AAEA00CD7985 /* GameTableViewCell.swift */; };
		1416A5691C1371CA00CD7985 /* Character.swift in Sources */ = {isa = PBXBuildFile; fileRef = 1416A55D1C1371CA00CD7985 /* Character.swift */; };
		1416A56A1C1371CA00CD7985 /* Character+CoreDataProperties.swift in Sources */ = {isa = PBXBuildFile; fileRef = 1416A55E1C1371CA00CD7985 /* Character+CoreDataProperties.swift */; };
		1416A56B1C1371CA00CD7985 /* Game.swift in Sources */ = {isa = PBXBuildFile; fileRef = 1416A55F1C1371CA00CD7985 /* Game.swift */; };
		1416A56C1C1371CA00CD7985 /* Game+CoreDataProperties.swift in Sources */ = {isa = PBXBuildFile; fileRef = 1416A5601C1371CA00CD7985 /* Game+CoreDataProperties.swift */; };
		1416A56D1C1371CA00CD7985 /* GameType.swift in Sources */ = {isa = PBXBuildFile; fileRef = 1416A5611C1371CA00CD7985 /* GameType.swift */; };
		1416A56E1C1371CA00CD7985 /* GameType+CoreDataProperties.swift in Sources */ = {isa = PBXBuildFile; fileRef = 1416A5621C1371CA00CD7985 /* GameType+CoreDataProperties.swift */; };
		1416A56F1C1371CA00CD7985 /* ObjectManager.swift in Sources */ = {isa = PBXBuildFile; fileRef = 1416A5631C1371CA00CD7985 /* ObjectManager.swift */; };
		1416A5701C1371CA00CD7985 /* Platform.swift in Sources */ = {isa = PBXBuildFile; fileRef = 1416A5641C1371CA00CD7985 /* Platform.swift */; };
		1416A5711C1371CA00CD7985 /* Platform+CoreDataProperties.swift in Sources */ = {isa = PBXBuildFile; fileRef = 1416A5651C1371CA00CD7985 /* Platform+CoreDataProperties.swift */; };
		1416A5721C1371CA00CD7985 /* Post.swift in Sources */ = {isa = PBXBuildFile; fileRef = 1416A5661C1371CA00CD7985 /* Post.swift */; };
		1416A5731C1371CA00CD7985 /* Post+CoreDataProperties.swift in Sources */ = {isa = PBXBuildFile; fileRef = 1416A5671C1371CA00CD7985 /* Post+CoreDataProperties.swift */; };
		1416A5741C1371CA00CD7985 /* UserDefaultsManager.swift in Sources */ = {isa = PBXBuildFile; fileRef = 1416A5681C1371CA00CD7985 /* UserDefaultsManager.swift */; };
		1416A57B1C14113F00CD7985 /* PostTableViewCell.swift in Sources */ = {isa = PBXBuildFile; fileRef = 1416A57A1C14113F00CD7985 /* PostTableViewCell.swift */; };
		1416A57D1C14115000CD7985 /* PostTableViewCell.xib in Resources */ = {isa = PBXBuildFile; fileRef = 1416A57C1C14115000CD7985 /* PostTableViewCell.xib */; };
		1455BE8D1C245A3200349772 /* FilterPostsViewController.swift in Sources */ = {isa = PBXBuildFile; fileRef = 1455BE8C1C245A3200349772 /* FilterPostsViewController.swift */; };
		146EC6771C0FC97D003BAAD0 /* AppDelegate.swift in Sources */ = {isa = PBXBuildFile; fileRef = 146EC6761C0FC97D003BAAD0 /* AppDelegate.swift */; };
		146EC6791C0FC97D003BAAD0 /* ViewController.swift in Sources */ = {isa = PBXBuildFile; fileRef = 146EC6781C0FC97D003BAAD0 /* ViewController.swift */; };
		146EC67C1C0FC97D003BAAD0 /* Main.storyboard in Resources */ = {isa = PBXBuildFile; fileRef = 146EC67A1C0FC97D003BAAD0 /* Main.storyboard */; };
		146EC67F1C0FC97D003BAAD0 /* LFG.xcdatamodeld in Sources */ = {isa = PBXBuildFile; fileRef = 146EC67D1C0FC97D003BAAD0 /* LFG.xcdatamodeld */; };
		146EC6811C0FC97D003BAAD0 /* Assets.xcassets in Resources */ = {isa = PBXBuildFile; fileRef = 146EC6801C0FC97D003BAAD0 /* Assets.xcassets */; };
		146EC6841C0FC97D003BAAD0 /* LaunchScreen.storyboard in Resources */ = {isa = PBXBuildFile; fileRef = 146EC6821C0FC97D003BAAD0 /* LaunchScreen.storyboard */; };
		146EC68F1C0FC97D003BAAD0 /* LFGTests.swift in Sources */ = {isa = PBXBuildFile; fileRef = 146EC68E1C0FC97D003BAAD0 /* LFGTests.swift */; };
		146EC69A1C0FC97D003BAAD0 /* LFGUITests.swift in Sources */ = {isa = PBXBuildFile; fileRef = 146EC6991C0FC97D003BAAD0 /* LFGUITests.swift */; };
		14B11B941C28A5CE00700132 /* ContainerViewController.swift in Sources */ = {isa = PBXBuildFile; fileRef = 14B11B931C28A5CE00700132 /* ContainerViewController.swift */; };
		14B11B961C28A5DA00700132 /* PanelViewController.swift in Sources */ = {isa = PBXBuildFile; fileRef = 14B11B951C28A5DA00700132 /* PanelViewController.swift */; };
		14B11B991C29C61C00700132 /* OptionsViewController.swift in Sources */ = {isa = PBXBuildFile; fileRef = 14B11B971C29C61C00700132 /* OptionsViewController.swift */; };
		14B11B9A1C29C61C00700132 /* PostsViewController.swift in Sources */ = {isa = PBXBuildFile; fileRef = 14B11B981C29C61C00700132 /* PostsViewController.swift */; };
		14B11B9C1C29C84C00700132 /* MainNavigationController.swift in Sources */ = {isa = PBXBuildFile; fileRef = 14B11B9B1C29C84C00700132 /* MainNavigationController.swift */; };
		14BC31B91C31B39E0074E16C /* PostPresets+CoreDataProperties.swift in Sources */ = {isa = PBXBuildFile; fileRef = 14BC31B71C31B39E0074E16C /* PostPresets+CoreDataProperties.swift */; };
		14BC31BA1C31B39E0074E16C /* PostPresets.swift in Sources */ = {isa = PBXBuildFile; fileRef = 14BC31B81C31B39E0074E16C /* PostPresets.swift */; };
		14BC31BD1C31D5230074E16C /* NSDateExtension.swift in Sources */ = {isa = PBXBuildFile; fileRef = 14BC31BC1C31D5230074E16C /* NSDateExtension.swift */; };
		14BC31BF1C34597E0074E16C /* NavigationController.swift in Sources */ = {isa = PBXBuildFile; fileRef = 14BC31BE1C34597E0074E16C /* NavigationController.swift */; };
		14BC31C21C345ECC0074E16C /* UIColorExtension.swift in Sources */ = {isa = PBXBuildFile; fileRef = 14BC31C11C345ECC0074E16C /* UIColorExtension.swift */; };
		14D732FD1C285A9E00F0C892 /* PseudoPost.swift in Sources */ = {isa = PBXBuildFile; fileRef = 14D732FC1C285A9E00F0C892 /* PseudoPost.swift */; };
		14D732FF1C285C8500F0C892 /* TableViewController.swift in Sources */ = {isa = PBXBuildFile; fileRef = 14D732FE1C285C8500F0C892 /* TableViewController.swift */; };
		14D733011C285DEB00F0C892 /* GameSelectionController.swift in Sources */ = {isa = PBXBuildFile; fileRef = 14D733001C285DEB00F0C892 /* GameSelectionController.swift */; };
		14D733051C285E7C00F0C892 /* AddNewPostViewController.swift in Sources */ = {isa = PBXBuildFile; fileRef = 14D733041C285E7C00F0C892 /* AddNewPostViewController.swift */; };
		14E87B121C18E76500FE1738 /* PostDescTableViewCell.xib in Resources */ = {isa = PBXBuildFile; fileRef = 14E87B111C18E76500FE1738 /* PostDescTableViewCell.xib */; };
		14E87B141C18EB3E00FE1738 /* PostDescTableViewCell.swift in Sources */ = {isa = PBXBuildFile; fileRef = 14E87B131C18EB3E00FE1738 /* PostDescTableViewCell.swift */; };
		14F144191C2B075100288A91 /* HelpViewController.swift in Sources */ = {isa = PBXBuildFile; fileRef = 14F144181C2B075100288A91 /* HelpViewController.swift */; };
		14F1441D1C2B243900288A91 /* DonateViewController.swift in Sources */ = {isa = PBXBuildFile; fileRef = 14F1441C1C2B243900288A91 /* DonateViewController.swift */; };
		D491023C277E97248EA036C1 /* Pods.framework in Frameworks */ = {isa = PBXBuildFile; fileRef = D42220C7FE9B83F608BCD988 /* Pods.framework */; };
/* End PBXBuildFile section */

/* Begin PBXContainerItemProxy section */
		146EC68B1C0FC97D003BAAD0 /* PBXContainerItemProxy */ = {
			isa = PBXContainerItemProxy;
			containerPortal = 146EC66B1C0FC97D003BAAD0 /* Project object */;
			proxyType = 1;
			remoteGlobalIDString = 146EC6721C0FC97D003BAAD0;
			remoteInfo = LFG;
		};
		146EC6961C0FC97D003BAAD0 /* PBXContainerItemProxy */ = {
			isa = PBXContainerItemProxy;
			containerPortal = 146EC66B1C0FC97D003BAAD0 /* Project object */;
			proxyType = 1;
			remoteGlobalIDString = 146EC6721C0FC97D003BAAD0;
			remoteInfo = LFG;
		};
/* End PBXContainerItemProxy section */

/* Begin PBXFileReference section */
		0711CB6FDF6DD347DDCFAB87 /* Pods.debug.xcconfig */ = {isa = PBXFileReference; includeInIndex = 1; lastKnownFileType = text.xcconfig; name = Pods.debug.xcconfig; path = "Pods/Target Support Files/Pods/Pods.debug.xcconfig"; sourceTree = "<group>"; };
		1416A5571C12A8D100CD7985 /* GameTableViewCell.xib */ = {isa = PBXFileReference; fileEncoding = 4; lastKnownFileType = file.xib; path = GameTableViewCell.xib; sourceTree = "<group>"; };
		1416A5591C12AAEA00CD7985 /* GameTableViewCell.swift */ = {isa = PBXFileReference; fileEncoding = 4; lastKnownFileType = sourcecode.swift; path = GameTableViewCell.swift; sourceTree = "<group>"; };
		1416A55D1C1371CA00CD7985 /* Character.swift */ = {isa = PBXFileReference; fileEncoding = 4; lastKnownFileType = sourcecode.swift; name = Character.swift; path = Data/Character.swift; sourceTree = "<group>"; };
		1416A55E1C1371CA00CD7985 /* Character+CoreDataProperties.swift */ = {isa = PBXFileReference; fileEncoding = 4; lastKnownFileType = sourcecode.swift; name = "Character+CoreDataProperties.swift"; path = "Data/Character+CoreDataProperties.swift"; sourceTree = "<group>"; };
		1416A55F1C1371CA00CD7985 /* Game.swift */ = {isa = PBXFileReference; fileEncoding = 4; lastKnownFileType = sourcecode.swift; name = Game.swift; path = Data/Game.swift; sourceTree = "<group>"; };
		1416A5601C1371CA00CD7985 /* Game+CoreDataProperties.swift */ = {isa = PBXFileReference; fileEncoding = 4; lastKnownFileType = sourcecode.swift; name = "Game+CoreDataProperties.swift"; path = "Data/Game+CoreDataProperties.swift"; sourceTree = "<group>"; };
		1416A5611C1371CA00CD7985 /* GameType.swift */ = {isa = PBXFileReference; fileEncoding = 4; lastKnownFileType = sourcecode.swift; name = GameType.swift; path = Data/GameType.swift; sourceTree = "<group>"; };
		1416A5621C1371CA00CD7985 /* GameType+CoreDataProperties.swift */ = {isa = PBXFileReference; fileEncoding = 4; lastKnownFileType = sourcecode.swift; name = "GameType+CoreDataProperties.swift"; path = "Data/GameType+CoreDataProperties.swift"; sourceTree = "<group>"; };
		1416A5631C1371CA00CD7985 /* ObjectManager.swift */ = {isa = PBXFileReference; fileEncoding = 4; lastKnownFileType = sourcecode.swift; name = ObjectManager.swift; path = Data/ObjectManager.swift; sourceTree = "<group>"; };
		1416A5641C1371CA00CD7985 /* Platform.swift */ = {isa = PBXFileReference; fileEncoding = 4; lastKnownFileType = sourcecode.swift; name = Platform.swift; path = Data/Platform.swift; sourceTree = "<group>"; };
		1416A5651C1371CA00CD7985 /* Platform+CoreDataProperties.swift */ = {isa = PBXFileReference; fileEncoding = 4; lastKnownFileType = sourcecode.swift; name = "Platform+CoreDataProperties.swift"; path = "Data/Platform+CoreDataProperties.swift"; sourceTree = "<group>"; };
		1416A5661C1371CA00CD7985 /* Post.swift */ = {isa = PBXFileReference; fileEncoding = 4; lastKnownFileType = sourcecode.swift; name = Post.swift; path = Data/Post.swift; sourceTree = "<group>"; };
		1416A5671C1371CA00CD7985 /* Post+CoreDataProperties.swift */ = {isa = PBXFileReference; fileEncoding = 4; lastKnownFileType = sourcecode.swift; name = "Post+CoreDataProperties.swift"; path = "Data/Post+CoreDataProperties.swift"; sourceTree = "<group>"; };
		1416A5681C1371CA00CD7985 /* UserDefaultsManager.swift */ = {isa = PBXFileReference; fileEncoding = 4; lastKnownFileType = sourcecode.swift; name = UserDefaultsManager.swift; path = Data/UserDefaultsManager.swift; sourceTree = "<group>"; };
		1416A57A1C14113F00CD7985 /* PostTableViewCell.swift */ = {isa = PBXFileReference; fileEncoding = 4; lastKnownFileType = sourcecode.swift; path = PostTableViewCell.swift; sourceTree = "<group>"; };
		1416A57C1C14115000CD7985 /* PostTableViewCell.xib */ = {isa = PBXFileReference; fileEncoding = 4; lastKnownFileType = file.xib; path = PostTableViewCell.xib; sourceTree = "<group>"; };
		1455BE8C1C245A3200349772 /* FilterPostsViewController.swift */ = {isa = PBXFileReference; fileEncoding = 4; lastKnownFileType = sourcecode.swift; path = FilterPostsViewController.swift; sourceTree = "<group>"; };
		146EC6731C0FC97D003BAAD0 /* LFG.app */ = {isa = PBXFileReference; explicitFileType = wrapper.application; includeInIndex = 0; path = LFG.app; sourceTree = BUILT_PRODUCTS_DIR; };
		146EC6761C0FC97D003BAAD0 /* AppDelegate.swift */ = {isa = PBXFileReference; lastKnownFileType = sourcecode.swift; path = AppDelegate.swift; sourceTree = "<group>"; };
		146EC6781C0FC97D003BAAD0 /* ViewController.swift */ = {isa = PBXFileReference; lastKnownFileType = sourcecode.swift; path = ViewController.swift; sourceTree = "<group>"; };
		146EC67B1C0FC97D003BAAD0 /* Base */ = {isa = PBXFileReference; lastKnownFileType = file.storyboard; name = Base; path = Base.lproj/Main.storyboard; sourceTree = "<group>"; };
		146EC67E1C0FC97D003BAAD0 /* LFG.xcdatamodel */ = {isa = PBXFileReference; lastKnownFileType = wrapper.xcdatamodel; path = LFG.xcdatamodel; sourceTree = "<group>"; };
		146EC6801C0FC97D003BAAD0 /* Assets.xcassets */ = {isa = PBXFileReference; lastKnownFileType = folder.assetcatalog; path = Assets.xcassets; sourceTree = "<group>"; };
		146EC6831C0FC97D003BAAD0 /* Base */ = {isa = PBXFileReference; lastKnownFileType = file.storyboard; name = Base; path = Base.lproj/LaunchScreen.storyboard; sourceTree = "<group>"; };
		146EC6851C0FC97D003BAAD0 /* Info.plist */ = {isa = PBXFileReference; lastKnownFileType = text.plist.xml; path = Info.plist; sourceTree = "<group>"; };
		146EC68A1C0FC97D003BAAD0 /* LFGTests.xctest */ = {isa = PBXFileReference; explicitFileType = wrapper.cfbundle; includeInIndex = 0; path = LFGTests.xctest; sourceTree = BUILT_PRODUCTS_DIR; };
		146EC68E1C0FC97D003BAAD0 /* LFGTests.swift */ = {isa = PBXFileReference; lastKnownFileType = sourcecode.swift; path = LFGTests.swift; sourceTree = "<group>"; };
		146EC6901C0FC97D003BAAD0 /* Info.plist */ = {isa = PBXFileReference; lastKnownFileType = text.plist.xml; path = Info.plist; sourceTree = "<group>"; };
		146EC6951C0FC97D003BAAD0 /* LFGUITests.xctest */ = {isa = PBXFileReference; explicitFileType = wrapper.cfbundle; includeInIndex = 0; path = LFGUITests.xctest; sourceTree = BUILT_PRODUCTS_DIR; };
		146EC6991C0FC97D003BAAD0 /* LFGUITests.swift */ = {isa = PBXFileReference; lastKnownFileType = sourcecode.swift; path = LFGUITests.swift; sourceTree = "<group>"; };
		146EC69B1C0FC97D003BAAD0 /* Info.plist */ = {isa = PBXFileReference; lastKnownFileType = text.plist.xml; path = Info.plist; sourceTree = "<group>"; };
		14B11B931C28A5CE00700132 /* ContainerViewController.swift */ = {isa = PBXFileReference; fileEncoding = 4; lastKnownFileType = sourcecode.swift; path = ContainerViewController.swift; sourceTree = "<group>"; };
		14B11B951C28A5DA00700132 /* PanelViewController.swift */ = {isa = PBXFileReference; fileEncoding = 4; lastKnownFileType = sourcecode.swift; path = PanelViewController.swift; sourceTree = "<group>"; };
		14B11B971C29C61C00700132 /* OptionsViewController.swift */ = {isa = PBXFileReference; fileEncoding = 4; lastKnownFileType = sourcecode.swift; path = OptionsViewController.swift; sourceTree = "<group>"; };
		14B11B981C29C61C00700132 /* PostsViewController.swift */ = {isa = PBXFileReference; fileEncoding = 4; lastKnownFileType = sourcecode.swift; path = PostsViewController.swift; sourceTree = "<group>"; };
		14B11B9B1C29C84C00700132 /* MainNavigationController.swift */ = {isa = PBXFileReference; fileEncoding = 4; lastKnownFileType = sourcecode.swift; path = MainNavigationController.swift; sourceTree = "<group>"; };
		14BC31B71C31B39E0074E16C /* PostPresets+CoreDataProperties.swift */ = {isa = PBXFileReference; fileEncoding = 4; lastKnownFileType = sourcecode.swift; name = "PostPresets+CoreDataProperties.swift"; path = "Data/PostPresets+CoreDataProperties.swift"; sourceTree = "<group>"; };
		14BC31B81C31B39E0074E16C /* PostPresets.swift */ = {isa = PBXFileReference; fileEncoding = 4; lastKnownFileType = sourcecode.swift; name = PostPresets.swift; path = Data/PostPresets.swift; sourceTree = "<group>"; };
		14BC31BC1C31D5230074E16C /* NSDateExtension.swift */ = {isa = PBXFileReference; fileEncoding = 4; lastKnownFileType = sourcecode.swift; path = NSDateExtension.swift; sourceTree = "<group>"; };
		14BC31BE1C34597E0074E16C /* NavigationController.swift */ = {isa = PBXFileReference; fileEncoding = 4; lastKnownFileType = sourcecode.swift; path = NavigationController.swift; sourceTree = "<group>"; };
		14BC31C11C345ECC0074E16C /* UIColorExtension.swift */ = {isa = PBXFileReference; fileEncoding = 4; lastKnownFileType = sourcecode.swift; path = UIColorExtension.swift; sourceTree = "<group>"; };
		14D732FC1C285A9E00F0C892 /* PseudoPost.swift */ = {isa = PBXFileReference; fileEncoding = 4; lastKnownFileType = sourcecode.swift; name = PseudoPost.swift; path = Data/PseudoPost.swift; sourceTree = "<group>"; };
		14D732FE1C285C8500F0C892 /* TableViewController.swift */ = {isa = PBXFileReference; fileEncoding = 4; lastKnownFileType = sourcecode.swift; path = TableViewController.swift; sourceTree = "<group>"; };
		14D733001C285DEB00F0C892 /* GameSelectionController.swift */ = {isa = PBXFileReference; fileEncoding = 4; lastKnownFileType = sourcecode.swift; path = GameSelectionController.swift; sourceTree = "<group>"; };
		14D733041C285E7C00F0C892 /* AddNewPostViewController.swift */ = {isa = PBXFileReference; fileEncoding = 4; lastKnownFileType = sourcecode.swift; path = AddNewPostViewController.swift; sourceTree = "<group>"; };
		14E87B111C18E76500FE1738 /* PostDescTableViewCell.xib */ = {isa = PBXFileReference; fileEncoding = 4; lastKnownFileType = file.xib; path = PostDescTableViewCell.xib; sourceTree = "<group>"; };
		14E87B131C18EB3E00FE1738 /* PostDescTableViewCell.swift */ = {isa = PBXFileReference; fileEncoding = 4; lastKnownFileType = sourcecode.swift; path = PostDescTableViewCell.swift; sourceTree = "<group>"; };
		14F144161C2B008200288A91 /* MessageUI.framework */ = {isa = PBXFileReference; lastKnownFileType = wrapper.framework; name = MessageUI.framework; path = System/Library/Frameworks/MessageUI.framework; sourceTree = SDKROOT; };
		14F144181C2B075100288A91 /* HelpViewController.swift */ = {isa = PBXFileReference; fileEncoding = 4; lastKnownFileType = sourcecode.swift; path = HelpViewController.swift; sourceTree = "<group>"; };
		14F1441C1C2B243900288A91 /* DonateViewController.swift */ = {isa = PBXFileReference; fileEncoding = 4; lastKnownFileType = sourcecode.swift; path = DonateViewController.swift; sourceTree = "<group>"; };
		61BA809DBFF49959F8DC30D2 /* Pods.release.xcconfig */ = {isa = PBXFileReference; includeInIndex = 1; lastKnownFileType = text.xcconfig; name = Pods.release.xcconfig; path = "Pods/Target Support Files/Pods/Pods.release.xcconfig"; sourceTree = "<group>"; };
		D42220C7FE9B83F608BCD988 /* Pods.framework */ = {isa = PBXFileReference; explicitFileType = wrapper.framework; includeInIndex = 0; path = Pods.framework; sourceTree = BUILT_PRODUCTS_DIR; };
/* End PBXFileReference section */

/* Begin PBXFrameworksBuildPhase section */
		146EC6701C0FC97D003BAAD0 /* Frameworks */ = {
			isa = PBXFrameworksBuildPhase;
			buildActionMask = 2147483647;
			files = (
				D491023C277E97248EA036C1 /* Pods.framework in Frameworks */,
			);
			runOnlyForDeploymentPostprocessing = 0;
		};
		146EC6871C0FC97D003BAAD0 /* Frameworks */ = {
			isa = PBXFrameworksBuildPhase;
			buildActionMask = 2147483647;
			files = (
			);
			runOnlyForDeploymentPostprocessing = 0;
		};
		146EC6921C0FC97D003BAAD0 /* Frameworks */ = {
			isa = PBXFrameworksBuildPhase;
			buildActionMask = 2147483647;
			files = (
			);
			runOnlyForDeploymentPostprocessing = 0;
		};
/* End PBXFrameworksBuildPhase section */

/* Begin PBXGroup section */
		141656771C10969D00D07664 /* Data */ = {
			isa = PBXGroup;
			children = (
				14BC31B71C31B39E0074E16C /* PostPresets+CoreDataProperties.swift */,
				14BC31B81C31B39E0074E16C /* PostPresets.swift */,
				1416A55D1C1371CA00CD7985 /* Character.swift */,
				1416A55E1C1371CA00CD7985 /* Character+CoreDataProperties.swift */,
				1416A55F1C1371CA00CD7985 /* Game.swift */,
				1416A5601C1371CA00CD7985 /* Game+CoreDataProperties.swift */,
				1416A5611C1371CA00CD7985 /* GameType.swift */,
				1416A5621C1371CA00CD7985 /* GameType+CoreDataProperties.swift */,
				1416A5631C1371CA00CD7985 /* ObjectManager.swift */,
				1416A5641C1371CA00CD7985 /* Platform.swift */,
				1416A5651C1371CA00CD7985 /* Platform+CoreDataProperties.swift */,
				1416A5661C1371CA00CD7985 /* Post.swift */,
				1416A5671C1371CA00CD7985 /* Post+CoreDataProperties.swift */,
				14D732FC1C285A9E00F0C892 /* PseudoPost.swift */,
				1416A5681C1371CA00CD7985 /* UserDefaultsManager.swift */,
				146EC67D1C0FC97D003BAAD0 /* LFG.xcdatamodeld */,
			);
			name = Data;
			path = ..;
			sourceTree = "<group>";
		};
		1416A5771C140F8200CD7985 /* TableViewCells */ = {
			isa = PBXGroup;
			children = (
				1416A5591C12AAEA00CD7985 /* GameTableViewCell.swift */,
				1416A5571C12A8D100CD7985 /* GameTableViewCell.xib */,
				1416A57A1C14113F00CD7985 /* PostTableViewCell.swift */,
				1416A57C1C14115000CD7985 /* PostTableViewCell.xib */,
				14E87B111C18E76500FE1738 /* PostDescTableViewCell.xib */,
				14E87B131C18EB3E00FE1738 /* PostDescTableViewCell.swift */,
			);
			name = TableViewCells;
			sourceTree = "<group>";
		};
		1416A5781C140F9500CD7985 /* Controllers */ = {
			isa = PBXGroup;
			children = (
				14BC31C01C34599C0074E16C /* Parents */,
				14D733041C285E7C00F0C892 /* AddNewPostViewController.swift */,
				14B11B931C28A5CE00700132 /* ContainerViewController.swift */,
				14F1441C1C2B243900288A91 /* DonateViewController.swift */,
				1455BE8C1C245A3200349772 /* FilterPostsViewController.swift */,
				14D733001C285DEB00F0C892 /* GameSelectionController.swift */,
				14F144181C2B075100288A91 /* HelpViewController.swift */,
				14B11B9B1C29C84C00700132 /* MainNavigationController.swift */,
				14B11B971C29C61C00700132 /* OptionsViewController.swift */,
				14B11B951C28A5DA00700132 /* PanelViewController.swift */,
				14B11B981C29C61C00700132 /* PostsViewController.swift */,
			);
			name = Controllers;
			sourceTree = "<group>";
		};
		1416A5791C140FB900CD7985 /* Storyboards */ = {
			isa = PBXGroup;
			children = (
				146EC6821C0FC97D003BAAD0 /* LaunchScreen.storyboard */,
				146EC67A1C0FC97D003BAAD0 /* Main.storyboard */,
			);
			name = Storyboards;
			sourceTree = "<group>";
		};
		146EC66A1C0FC97D003BAAD0 = {
			isa = PBXGroup;
			children = (
				146EC6751C0FC97D003BAAD0 /* LFG */,
				146EC68D1C0FC97D003BAAD0 /* LFGTests */,
				146EC6981C0FC97D003BAAD0 /* LFGUITests */,
				146EC6741C0FC97D003BAAD0 /* Products */,
				41D8A206D3BF03815A9FFCA8 /* Pods */,
				2F275435825BEE47C4FFE88F /* Frameworks */,
			);
			sourceTree = "<group>";
		};
		146EC6741C0FC97D003BAAD0 /* Products */ = {
			isa = PBXGroup;
			children = (
				146EC6731C0FC97D003BAAD0 /* LFG.app */,
				146EC68A1C0FC97D003BAAD0 /* LFGTests.xctest */,
				146EC6951C0FC97D003BAAD0 /* LFGUITests.xctest */,
			);
			name = Products;
			sourceTree = "<group>";
		};
		146EC6751C0FC97D003BAAD0 /* LFG */ = {
			isa = PBXGroup;
			children = (
				146EC6851C0FC97D003BAAD0 /* Info.plist */,
				146EC6761C0FC97D003BAAD0 /* AppDelegate.swift */,
				146EC6801C0FC97D003BAAD0 /* Assets.xcassets */,
				1416A5781C140F9500CD7985 /* Controllers */,
				141656771C10969D00D07664 /* Data */,
				14BC31BB1C31D5130074E16C /* Extensions */,
				1416A5791C140FB900CD7985 /* Storyboards */,
				1416A5771C140F8200CD7985 /* TableViewCells */,
			);
			path = LFG;
			sourceTree = "<group>";
		};
		146EC68D1C0FC97D003BAAD0 /* LFGTests */ = {
			isa = PBXGroup;
			children = (
				146EC68E1C0FC97D003BAAD0 /* LFGTests.swift */,
				146EC6901C0FC97D003BAAD0 /* Info.plist */,
			);
			path = LFGTests;
			sourceTree = "<group>";
		};
		146EC6981C0FC97D003BAAD0 /* LFGUITests */ = {
			isa = PBXGroup;
			children = (
				146EC6991C0FC97D003BAAD0 /* LFGUITests.swift */,
				146EC69B1C0FC97D003BAAD0 /* Info.plist */,
			);
			path = LFGUITests;
			sourceTree = "<group>";
		};
		14BC31BB1C31D5130074E16C /* Extensions */ = {
			isa = PBXGroup;
			children = (
				14BC31BC1C31D5230074E16C /* NSDateExtension.swift */,
				14BC31C11C345ECC0074E16C /* UIColorExtension.swift */,
			);
			name = Extensions;
			sourceTree = "<group>";
		};
		14BC31C01C34599C0074E16C /* Parents */ = {
			isa = PBXGroup;
			children = (
				14D732FE1C285C8500F0C892 /* TableViewController.swift */,
				146EC6781C0FC97D003BAAD0 /* ViewController.swift */,
				14BC31BE1C34597E0074E16C /* NavigationController.swift */,
			);
			name = Parents;
			sourceTree = "<group>";
		};
		2F275435825BEE47C4FFE88F /* Frameworks */ = {
			isa = PBXGroup;
			children = (
				14F144161C2B008200288A91 /* MessageUI.framework */,
				D42220C7FE9B83F608BCD988 /* Pods.framework */,
			);
			name = Frameworks;
			sourceTree = "<group>";
		};
		41D8A206D3BF03815A9FFCA8 /* Pods */ = {
			isa = PBXGroup;
			children = (
				0711CB6FDF6DD347DDCFAB87 /* Pods.debug.xcconfig */,
				61BA809DBFF49959F8DC30D2 /* Pods.release.xcconfig */,
			);
			name = Pods;
			sourceTree = "<group>";
		};
/* End PBXGroup section */

/* Begin PBXNativeTarget section */
		146EC6721C0FC97D003BAAD0 /* LFG */ = {
			isa = PBXNativeTarget;
			buildConfigurationList = 146EC69E1C0FC97D003BAAD0 /* Build configuration list for PBXNativeTarget "LFG" */;
			buildPhases = (
				7D81C258A88629A0977248CD /* Check Pods Manifest.lock */,
				146EC66F1C0FC97D003BAAD0 /* Sources */,
				146EC6701C0FC97D003BAAD0 /* Frameworks */,
				146EC6711C0FC97D003BAAD0 /* Resources */,
				451D65918498D2B68DA8EAB5 /* Embed Pods Frameworks */,
				F54F1702ED926DFE64AF5D7E /* Copy Pods Resources */,
			);
			buildRules = (
			);
			dependencies = (
			);
			name = LFG;
			productName = LFG;
			productReference = 146EC6731C0FC97D003BAAD0 /* LFG.app */;
			productType = "com.apple.product-type.application";
		};
		146EC6891C0FC97D003BAAD0 /* LFGTests */ = {
			isa = PBXNativeTarget;
			buildConfigurationList = 146EC6A11C0FC97D003BAAD0 /* Build configuration list for PBXNativeTarget "LFGTests" */;
			buildPhases = (
				146EC6861C0FC97D003BAAD0 /* Sources */,
				146EC6871C0FC97D003BAAD0 /* Frameworks */,
				146EC6881C0FC97D003BAAD0 /* Resources */,
			);
			buildRules = (
			);
			dependencies = (
				146EC68C1C0FC97D003BAAD0 /* PBXTargetDependency */,
			);
			name = LFGTests;
			productName = LFGTests;
			productReference = 146EC68A1C0FC97D003BAAD0 /* LFGTests.xctest */;
			productType = "com.apple.product-type.bundle.unit-test";
		};
		146EC6941C0FC97D003BAAD0 /* LFGUITests */ = {
			isa = PBXNativeTarget;
			buildConfigurationList = 146EC6A41C0FC97D003BAAD0 /* Build configuration list for PBXNativeTarget "LFGUITests" */;
			buildPhases = (
				146EC6911C0FC97D003BAAD0 /* Sources */,
				146EC6921C0FC97D003BAAD0 /* Frameworks */,
				146EC6931C0FC97D003BAAD0 /* Resources */,
			);
			buildRules = (
			);
			dependencies = (
				146EC6971C0FC97D003BAAD0 /* PBXTargetDependency */,
			);
			name = LFGUITests;
			productName = LFGUITests;
			productReference = 146EC6951C0FC97D003BAAD0 /* LFGUITests.xctest */;
			productType = "com.apple.product-type.bundle.ui-testing";
		};
/* End PBXNativeTarget section */

/* Begin PBXProject section */
		146EC66B1C0FC97D003BAAD0 /* Project object */ = {
			isa = PBXProject;
			attributes = {
				LastUpgradeCheck = 0700;
				ORGANIZATIONNAME = Rakesh;
				TargetAttributes = {
					146EC6721C0FC97D003BAAD0 = {
						CreatedOnToolsVersion = 7.0;
						DevelopmentTeam = 5YU575SWFM;
					};
					146EC6891C0FC97D003BAAD0 = {
						CreatedOnToolsVersion = 7.0;
						DevelopmentTeam = 588M4VF7F7;
						TestTargetID = 146EC6721C0FC97D003BAAD0;
					};
					146EC6941C0FC97D003BAAD0 = {
						CreatedOnToolsVersion = 7.0;
						DevelopmentTeam = 588M4VF7F7;
						TestTargetID = 146EC6721C0FC97D003BAAD0;
					};
				};
			};
			buildConfigurationList = 146EC66E1C0FC97D003BAAD0 /* Build configuration list for PBXProject "LFG" */;
			compatibilityVersion = "Xcode 3.2";
			developmentRegion = English;
			hasScannedForEncodings = 0;
			knownRegions = (
				en,
				Base,
			);
			mainGroup = 146EC66A1C0FC97D003BAAD0;
			productRefGroup = 146EC6741C0FC97D003BAAD0 /* Products */;
			projectDirPath = "";
			projectRoot = "";
			targets = (
				146EC6721C0FC97D003BAAD0 /* LFG */,
				146EC6891C0FC97D003BAAD0 /* LFGTests */,
				146EC6941C0FC97D003BAAD0 /* LFGUITests */,
			);
		};
/* End PBXProject section */

/* Begin PBXResourcesBuildPhase section */
		146EC6711C0FC97D003BAAD0 /* Resources */ = {
			isa = PBXResourcesBuildPhase;
			buildActionMask = 2147483647;
			files = (
				146EC6841C0FC97D003BAAD0 /* LaunchScreen.storyboard in Resources */,
				1416A57D1C14115000CD7985 /* PostTableViewCell.xib in Resources */,
				146EC6811C0FC97D003BAAD0 /* Assets.xcassets in Resources */,
				146EC67C1C0FC97D003BAAD0 /* Main.storyboard in Resources */,
				14E87B121C18E76500FE1738 /* PostDescTableViewCell.xib in Resources */,
				1416A5581C12A8D100CD7985 /* GameTableViewCell.xib in Resources */,
			);
			runOnlyForDeploymentPostprocessing = 0;
		};
		146EC6881C0FC97D003BAAD0 /* Resources */ = {
			isa = PBXResourcesBuildPhase;
			buildActionMask = 2147483647;
			files = (
			);
			runOnlyForDeploymentPostprocessing = 0;
		};
		146EC6931C0FC97D003BAAD0 /* Resources */ = {
			isa = PBXResourcesBuildPhase;
			buildActionMask = 2147483647;
			files = (
			);
			runOnlyForDeploymentPostprocessing = 0;
		};
/* End PBXResourcesBuildPhase section */

/* Begin PBXShellScriptBuildPhase section */
		451D65918498D2B68DA8EAB5 /* Embed Pods Frameworks */ = {
			isa = PBXShellScriptBuildPhase;
			buildActionMask = 2147483647;
			files = (
			);
			inputPaths = (
			);
			name = "Embed Pods Frameworks";
			outputPaths = (
			);
			runOnlyForDeploymentPostprocessing = 0;
			shellPath = /bin/sh;
			shellScript = "\"${SRCROOT}/Pods/Target Support Files/Pods/Pods-frameworks.sh\"\n";
			showEnvVarsInLog = 0;
		};
		7D81C258A88629A0977248CD /* Check Pods Manifest.lock */ = {
			isa = PBXShellScriptBuildPhase;
			buildActionMask = 2147483647;
			files = (
			);
			inputPaths = (
			);
			name = "Check Pods Manifest.lock";
			outputPaths = (
			);
			runOnlyForDeploymentPostprocessing = 0;
			shellPath = /bin/sh;
			shellScript = "diff \"${PODS_ROOT}/../Podfile.lock\" \"${PODS_ROOT}/Manifest.lock\" > /dev/null\nif [[ $? != 0 ]] ; then\n    cat << EOM\nerror: The sandbox is not in sync with the Podfile.lock. Run 'pod install' or update your CocoaPods installation.\nEOM\n    exit 1\nfi\n";
			showEnvVarsInLog = 0;
		};
		F54F1702ED926DFE64AF5D7E /* Copy Pods Resources */ = {
			isa = PBXShellScriptBuildPhase;
			buildActionMask = 2147483647;
			files = (
			);
			inputPaths = (
			);
			name = "Copy Pods Resources";
			outputPaths = (
			);
			runOnlyForDeploymentPostprocessing = 0;
			shellPath = /bin/sh;
			shellScript = "\"${SRCROOT}/Pods/Target Support Files/Pods/Pods-resources.sh\"\n";
			showEnvVarsInLog = 0;
		};
/* End PBXShellScriptBuildPhase section */

/* Begin PBXSourcesBuildPhase section */
		146EC66F1C0FC97D003BAAD0 /* Sources */ = {
			isa = PBXSourcesBuildPhase;
			buildActionMask = 2147483647;
			files = (
				14B11B961C28A5DA00700132 /* PanelViewController.swift in Sources */,
				1416A56F1C1371CA00CD7985 /* ObjectManager.swift in Sources */,
				1416A5701C1371CA00CD7985 /* Platform.swift in Sources */,
				14B11B9A1C29C61C00700132 /* PostsViewController.swift in Sources */,
				1416A5711C1371CA00CD7985 /* Platform+CoreDataProperties.swift in Sources */,
				14BC31BF1C34597E0074E16C /* NavigationController.swift in Sources */,
				1416A5691C1371CA00CD7985 /* Character.swift in Sources */,
				1416A57B1C14113F00CD7985 /* PostTableViewCell.swift in Sources */,
				1416A56B1C1371CA00CD7985 /* Game.swift in Sources */,
				146EC6791C0FC97D003BAAD0 /* ViewController.swift in Sources */,
				1416A56C1C1371CA00CD7985 /* Game+CoreDataProperties.swift in Sources */,
				1416A56D1C1371CA00CD7985 /* GameType.swift in Sources */,
				1416A56E1C1371CA00CD7985 /* GameType+CoreDataProperties.swift in Sources */,
				14E87B141C18EB3E00FE1738 /* PostDescTableViewCell.swift in Sources */,
				1455BE8D1C245A3200349772 /* FilterPostsViewController.swift in Sources */,
				146EC67F1C0FC97D003BAAD0 /* LFG.xcdatamodeld in Sources */,
				1416A5741C1371CA00CD7985 /* UserDefaultsManager.swift in Sources */,
				14D732FD1C285A9E00F0C892 /* PseudoPost.swift in Sources */,
				14D733011C285DEB00F0C892 /* GameSelectionController.swift in Sources */,
				14B11B9C1C29C84C00700132 /* MainNavigationController.swift in Sources */,
				14F1441D1C2B243900288A91 /* DonateViewController.swift in Sources */,
				146EC6771C0FC97D003BAAD0 /* AppDelegate.swift in Sources */,
				14BC31C21C345ECC0074E16C /* UIColorExtension.swift in Sources */,
				1416A5721C1371CA00CD7985 /* Post.swift in Sources */,
				14B11B941C28A5CE00700132 /* ContainerViewController.swift in Sources */,
				14D733051C285E7C00F0C892 /* AddNewPostViewController.swift in Sources */,
				14BC31BA1C31B39E0074E16C /* PostPresets.swift in Sources */,
				14B11B991C29C61C00700132 /* OptionsViewController.swift in Sources */,
				1416A5731C1371CA00CD7985 /* Post+CoreDataProperties.swift in Sources */,
				1416A56A1C1371CA00CD7985 /* Character+CoreDataProperties.swift in Sources */,
				14D732FF1C285C8500F0C892 /* TableViewController.swift in Sources */,
				1416A55A1C12AAEA00CD7985 /* GameTableViewCell.swift in Sources */,
				14BC31BD1C31D5230074E16C /* NSDateExtension.swift in Sources */,
				14BC31B91C31B39E0074E16C /* PostPresets+CoreDataProperties.swift in Sources */,
				14F144191C2B075100288A91 /* HelpViewController.swift in Sources */,
			);
			runOnlyForDeploymentPostprocessing = 0;
		};
		146EC6861C0FC97D003BAAD0 /* Sources */ = {
			isa = PBXSourcesBuildPhase;
			buildActionMask = 2147483647;
			files = (
				146EC68F1C0FC97D003BAAD0 /* LFGTests.swift in Sources */,
			);
			runOnlyForDeploymentPostprocessing = 0;
		};
		146EC6911C0FC97D003BAAD0 /* Sources */ = {
			isa = PBXSourcesBuildPhase;
			buildActionMask = 2147483647;
			files = (
				146EC69A1C0FC97D003BAAD0 /* LFGUITests.swift in Sources */,
			);
			runOnlyForDeploymentPostprocessing = 0;
		};
/* End PBXSourcesBuildPhase section */

/* Begin PBXTargetDependency section */
		146EC68C1C0FC97D003BAAD0 /* PBXTargetDependency */ = {
			isa = PBXTargetDependency;
			target = 146EC6721C0FC97D003BAAD0 /* LFG */;
			targetProxy = 146EC68B1C0FC97D003BAAD0 /* PBXContainerItemProxy */;
		};
		146EC6971C0FC97D003BAAD0 /* PBXTargetDependency */ = {
			isa = PBXTargetDependency;
			target = 146EC6721C0FC97D003BAAD0 /* LFG */;
			targetProxy = 146EC6961C0FC97D003BAAD0 /* PBXContainerItemProxy */;
		};
/* End PBXTargetDependency section */

/* Begin PBXVariantGroup section */
		146EC67A1C0FC97D003BAAD0 /* Main.storyboard */ = {
			isa = PBXVariantGroup;
			children = (
				146EC67B1C0FC97D003BAAD0 /* Base */,
			);
			name = Main.storyboard;
			sourceTree = "<group>";
		};
		146EC6821C0FC97D003BAAD0 /* LaunchScreen.storyboard */ = {
			isa = PBXVariantGroup;
			children = (
				146EC6831C0FC97D003BAAD0 /* Base */,
			);
			name = LaunchScreen.storyboard;
			sourceTree = "<group>";
		};
/* End PBXVariantGroup section */

/* Begin XCBuildConfiguration section */
		146EC69C1C0FC97D003BAAD0 /* Debug */ = {
			isa = XCBuildConfiguration;
			buildSettings = {
				ALWAYS_SEARCH_USER_PATHS = NO;
				CLANG_CXX_LANGUAGE_STANDARD = "gnu++0x";
				CLANG_CXX_LIBRARY = "libc++";
				CLANG_ENABLE_MODULES = YES;
				CLANG_ENABLE_OBJC_ARC = YES;
				CLANG_WARN_BOOL_CONVERSION = YES;
				CLANG_WARN_CONSTANT_CONVERSION = YES;
				CLANG_WARN_DIRECT_OBJC_ISA_USAGE = YES_ERROR;
				CLANG_WARN_EMPTY_BODY = YES;
				CLANG_WARN_ENUM_CONVERSION = YES;
				CLANG_WARN_INT_CONVERSION = YES;
				CLANG_WARN_OBJC_ROOT_CLASS = YES_ERROR;
				CLANG_WARN_UNREACHABLE_CODE = YES;
				CLANG_WARN__DUPLICATE_METHOD_MATCH = YES;
				"CODE_SIGN_IDENTITY[sdk=iphoneos*]" = "iPhone Developer";
				COPY_PHASE_STRIP = NO;
				DEBUG_INFORMATION_FORMAT = dwarf;
				ENABLE_STRICT_OBJC_MSGSEND = YES;
				ENABLE_TESTABILITY = YES;
				GCC_C_LANGUAGE_STANDARD = gnu99;
				GCC_DYNAMIC_NO_PIC = NO;
				GCC_NO_COMMON_BLOCKS = YES;
				GCC_OPTIMIZATION_LEVEL = 0;
				GCC_PREPROCESSOR_DEFINITIONS = (
					"DEBUG=1",
					"$(inherited)",
				);
				GCC_WARN_64_TO_32_BIT_CONVERSION = YES;
				GCC_WARN_ABOUT_RETURN_TYPE = YES_ERROR;
				GCC_WARN_UNDECLARED_SELECTOR = YES;
				GCC_WARN_UNINITIALIZED_AUTOS = YES_AGGRESSIVE;
				GCC_WARN_UNUSED_FUNCTION = YES;
				GCC_WARN_UNUSED_VARIABLE = YES;
				IPHONEOS_DEPLOYMENT_TARGET = 9.0;
				MTL_ENABLE_DEBUG_INFO = YES;
				ONLY_ACTIVE_ARCH = YES;
				SDKROOT = iphoneos;
				SWIFT_OPTIMIZATION_LEVEL = "-Onone";
				TARGETED_DEVICE_FAMILY = "1,2";
			};
			name = Debug;
		};
		146EC69D1C0FC97D003BAAD0 /* Release */ = {
			isa = XCBuildConfiguration;
			buildSettings = {
				ALWAYS_SEARCH_USER_PATHS = NO;
				CLANG_CXX_LANGUAGE_STANDARD = "gnu++0x";
				CLANG_CXX_LIBRARY = "libc++";
				CLANG_ENABLE_MODULES = YES;
				CLANG_ENABLE_OBJC_ARC = YES;
				CLANG_WARN_BOOL_CONVERSION = YES;
				CLANG_WARN_CONSTANT_CONVERSION = YES;
				CLANG_WARN_DIRECT_OBJC_ISA_USAGE = YES_ERROR;
				CLANG_WARN_EMPTY_BODY = YES;
				CLANG_WARN_ENUM_CONVERSION = YES;
				CLANG_WARN_INT_CONVERSION = YES;
				CLANG_WARN_OBJC_ROOT_CLASS = YES_ERROR;
				CLANG_WARN_UNREACHABLE_CODE = YES;
				CLANG_WARN__DUPLICATE_METHOD_MATCH = YES;
				"CODE_SIGN_IDENTITY[sdk=iphoneos*]" = "iPhone Developer";
				COPY_PHASE_STRIP = NO;
				DEBUG_INFORMATION_FORMAT = "dwarf-with-dsym";
				ENABLE_NS_ASSERTIONS = NO;
				ENABLE_STRICT_OBJC_MSGSEND = YES;
				GCC_C_LANGUAGE_STANDARD = gnu99;
				GCC_NO_COMMON_BLOCKS = YES;
				GCC_WARN_64_TO_32_BIT_CONVERSION = YES;
				GCC_WARN_ABOUT_RETURN_TYPE = YES_ERROR;
				GCC_WARN_UNDECLARED_SELECTOR = YES;
				GCC_WARN_UNINITIALIZED_AUTOS = YES_AGGRESSIVE;
				GCC_WARN_UNUSED_FUNCTION = YES;
				GCC_WARN_UNUSED_VARIABLE = YES;
				IPHONEOS_DEPLOYMENT_TARGET = 9.0;
				MTL_ENABLE_DEBUG_INFO = NO;
				SDKROOT = iphoneos;
				TARGETED_DEVICE_FAMILY = "1,2";
				VALIDATE_PRODUCT = YES;
			};
			name = Release;
		};
		146EC69F1C0FC97D003BAAD0 /* Debug */ = {
			isa = XCBuildConfiguration;
			baseConfigurationReference = 0711CB6FDF6DD347DDCFAB87 /* Pods.debug.xcconfig */;
			buildSettings = {
				ASSETCATALOG_COMPILER_APPICON_NAME = AppIcon;
				CODE_SIGN_IDENTITY = "iPhone Developer";
				"CODE_SIGN_IDENTITY[sdk=iphoneos*]" = "iPhone Developer";
				INFOPLIST_FILE = LFG/Info.plist;
				IPHONEOS_DEPLOYMENT_TARGET = 9.0;
				LD_RUNPATH_SEARCH_PATHS = "$(inherited) @executable_path/Frameworks";
				PRODUCT_BUNDLE_IDENTIFIER = com.rakesh.LFG;
				PRODUCT_NAME = "$(TARGET_NAME)";
				PROVISIONING_PROFILE = "";
				TARGETED_DEVICE_FAMILY = "1,2";
			};
			name = Debug;
		};
		146EC6A01C0FC97D003BAAD0 /* Release */ = {
			isa = XCBuildConfiguration;
			baseConfigurationReference = 61BA809DBFF49959F8DC30D2 /* Pods.release.xcconfig */;
			buildSettings = {
				ASSETCATALOG_COMPILER_APPICON_NAME = AppIcon;
				CODE_SIGN_IDENTITY = "iPhone Developer";
				"CODE_SIGN_IDENTITY[sdk=iphoneos*]" = "iPhone Developer";
				INFOPLIST_FILE = LFG/Info.plist;
				IPHONEOS_DEPLOYMENT_TARGET = 9.0;
				LD_RUNPATH_SEARCH_PATHS = "$(inherited) @executable_path/Frameworks";
				PRODUCT_BUNDLE_IDENTIFIER = com.rakesh.LFG;
				PRODUCT_NAME = "$(TARGET_NAME)";
				PROVISIONING_PROFILE = "";
				TARGETED_DEVICE_FAMILY = "1,2";
			};
			name = Release;
		};
		146EC6A21C0FC97D003BAAD0 /* Debug */ = {
			isa = XCBuildConfiguration;
			buildSettings = {
				BUNDLE_LOADER = "$(TEST_HOST)";
				INFOPLIST_FILE = LFGTests/Info.plist;
				LD_RUNPATH_SEARCH_PATHS = "$(inherited) @executable_path/Frameworks @loader_path/Frameworks";
				PRODUCT_BUNDLE_IDENTIFIER = com.rakesh.LFGTests;
				PRODUCT_NAME = "$(TARGET_NAME)";
				TEST_HOST = "$(BUILT_PRODUCTS_DIR)/LFG.app/LFG";
			};
			name = Debug;
		};
		146EC6A31C0FC97D003BAAD0 /* Release */ = {
			isa = XCBuildConfiguration;
			buildSettings = {
				BUNDLE_LOADER = "$(TEST_HOST)";
				INFOPLIST_FILE = LFGTests/Info.plist;
				LD_RUNPATH_SEARCH_PATHS = "$(inherited) @executable_path/Frameworks @loader_path/Frameworks";
				PRODUCT_BUNDLE_IDENTIFIER = com.rakesh.LFGTests;
				PRODUCT_NAME = "$(TARGET_NAME)";
				TEST_HOST = "$(BUILT_PRODUCTS_DIR)/LFG.app/LFG";
			};
			name = Release;
		};
		146EC6A51C0FC97D003BAAD0 /* Debug */ = {
			isa = XCBuildConfiguration;
			buildSettings = {
				INFOPLIST_FILE = LFGUITests/Info.plist;
				LD_RUNPATH_SEARCH_PATHS = "$(inherited) @executable_path/Frameworks @loader_path/Frameworks";
				PRODUCT_BUNDLE_IDENTIFIER = com.rakesh.LFGUITests;
				PRODUCT_NAME = "$(TARGET_NAME)";
				TEST_TARGET_NAME = LFG;
				USES_XCTRUNNER = YES;
			};
			name = Debug;
		};
		146EC6A61C0FC97D003BAAD0 /* Release */ = {
			isa = XCBuildConfiguration;
			buildSettings = {
				INFOPLIST_FILE = LFGUITests/Info.plist;
				LD_RUNPATH_SEARCH_PATHS = "$(inherited) @executable_path/Frameworks @loader_path/Frameworks";
				PRODUCT_BUNDLE_IDENTIFIER = com.rakesh.LFGUITests;
				PRODUCT_NAME = "$(TARGET_NAME)";
				TEST_TARGET_NAME = LFG;
				USES_XCTRUNNER = YES;
			};
			name = Release;
		};
/* End XCBuildConfiguration section */

/* Begin XCConfigurationList section */
		146EC66E1C0FC97D003BAAD0 /* Build configuration list for PBXProject "LFG" */ = {
			isa = XCConfigurationList;
			buildConfigurations = (
				146EC69C1C0FC97D003BAAD0 /* Debug */,
				146EC69D1C0FC97D003BAAD0 /* Release */,
			);
			defaultConfigurationIsVisible = 0;
			defaultConfigurationName = Release;
		};
		146EC69E1C0FC97D003BAAD0 /* Build configuration list for PBXNativeTarget "LFG" */ = {
			isa = XCConfigurationList;
			buildConfigurations = (
				146EC69F1C0FC97D003BAAD0 /* Debug */,
				146EC6A01C0FC97D003BAAD0 /* Release */,
			);
			defaultConfigurationIsVisible = 0;
			defaultConfigurationName = Release;
		};
		146EC6A11C0FC97D003BAAD0 /* Build configuration list for PBXNativeTarget "LFGTests" */ = {
			isa = XCConfigurationList;
			buildConfigurations = (
				146EC6A21C0FC97D003BAAD0 /* Debug */,
				146EC6A31C0FC97D003BAAD0 /* Release */,
			);
			defaultConfigurationIsVisible = 0;
			defaultConfigurationName = Release;
		};
		146EC6A41C0FC97D003BAAD0 /* Build configuration list for PBXNativeTarget "LFGUITests" */ = {
			isa = XCConfigurationList;
			buildConfigurations = (
				146EC6A51C0FC97D003BAAD0 /* Debug */,
				146EC6A61C0FC97D003BAAD0 /* Release */,
			);
			defaultConfigurationIsVisible = 0;
			defaultConfigurationName = Release;
		};
/* End XCConfigurationList section */

/* Begin XCVersionGroup section */
		146EC67D1C0FC97D003BAAD0 /* LFG.xcdatamodeld */ = {
			isa = XCVersionGroup;
			children = (
				146EC67E1C0FC97D003BAAD0 /* LFG.xcdatamodel */,
			);
			currentVersion = 146EC67E1C0FC97D003BAAD0 /* LFG.xcdatamodel */;
			name = LFG.xcdatamodeld;
			path = LFG/LFG.xcdatamodeld;
			sourceTree = "<group>";
			versionGroupType = wrapper.xcdatamodel;
		};
/* End XCVersionGroup section */
	};
	rootObject = 146EC66B1C0FC97D003BAAD0 /* Project object */;
}
